
Microsoft Visual Studio Solution File, Format Version 12.00
# Visual Studio Version 17
VisualStudioVersion = 17.3.32922.545
MinimumVisualStudioVersion = 10.0.40219.1
Project("{FAE04EC0-301F-11D3-BF4B-00C04F79EFBC}") = "Strongbox", "Strongbox\Strongbox.csproj", "{3435485C-A2E3-493D-858A-5D2CBD7380FC}"
EndProject
Global
	GlobalSection(SolutionConfigurationPlatforms) = preSolution
		Debug|Any CPU = Debug|Any CPU
		Release|Any CPU = Release|Any CPU
	EndGlobalSection
	GlobalSection(ProjectConfigurationPlatforms) = postSolution
		{3435485C-A2E3-493D-858A-5D2CBD7380FC}.Debug|Any CPU.ActiveCfg = Debug|Any CPU
		{3435485C-A2E3-493D-858A-5D2CBD7380FC}.Debug|Any CPU.Build.0 = Debug|Any CPU
		{3435485C-A2E3-493D-858A-5D2CBD7380FC}.Release|Any CPU.ActiveCfg = Release|Any CPU
		{3435485C-A2E3-493D-858A-5D2CBD7380FC}.Release|Any CPU.Build.0 = Release|Any CPU
	EndGlobalSection
	GlobalSection(SolutionProperties) = preSolution
		HideSolutionNode = FALSE
	EndGlobalSection
	GlobalSection(ExtensibilityGlobals) = postSolution
		SolutionGuid = {8361E27B-F9AA-4D13-AA88-E62611D86702}
	EndGlobalSection
EndGlobal
